
Microsoft Visual Studio Solution File, Format Version 12.00
# Visual Studio Version 17
VisualStudioVersion = 17.5.33502.453
MinimumVisualStudioVersion = 10.0.40219.1
Project("{9A19103F-16F7-4668-BE54-9A1E7A4F7556}") = "FAbackend.Domain", "FAbackend.Domain\FAbackend.Domain.csproj", "{2B4F8660-3030-4050-9DD8-63DB52FEB34D}"
EndProject
Project("{9A19103F-16F7-4668-BE54-9A1E7A4F7556}") = "FAbackend.Infra.Data", "FAbackend.Infra.Data\FAbackend.Infra.Data.csproj", "{15A775C1-E140-4B9D-8BEB-5774D459E662}"
EndProject
Project("{FAE04EC0-301F-11D3-BF4B-00C04F79EFBC}") = "FAbackend.Application", "FAbackend.Application\FAbackend.Application.csproj", "{5F5EDEA5-C0B5-492B-9F58-1A676F0A9187}"
EndProject
Global
	GlobalSection(SolutionConfigurationPlatforms) = preSolution
		Debug|Any CPU = Debug|Any CPU
		Release|Any CPU = Release|Any CPU
	EndGlobalSection
	GlobalSection(ProjectConfigurationPlatforms) = postSolution
		{2B4F8660-3030-4050-9DD8-63DB52FEB34D}.Debug|Any CPU.ActiveCfg = Debug|Any CPU
		{2B4F8660-3030-4050-9DD8-63DB52FEB34D}.Debug|Any CPU.Build.0 = Debug|Any CPU
		{2B4F8660-3030-4050-9DD8-63DB52FEB34D}.Release|Any CPU.ActiveCfg = Release|Any CPU
		{2B4F8660-3030-4050-9DD8-63DB52FEB34D}.Release|Any CPU.Build.0 = Release|Any CPU
		{15A775C1-E140-4B9D-8BEB-5774D459E662}.Debug|Any CPU.ActiveCfg = Debug|Any CPU
		{15A775C1-E140-4B9D-8BEB-5774D459E662}.Debug|Any CPU.Build.0 = Debug|Any CPU
		{15A775C1-E140-4B9D-8BEB-5774D459E662}.Release|Any CPU.ActiveCfg = Release|Any CPU
		{15A775C1-E140-4B9D-8BEB-5774D459E662}.Release|Any CPU.Build.0 = Release|Any CPU
		{5F5EDEA5-C0B5-492B-9F58-1A676F0A9187}.Debug|Any CPU.ActiveCfg = Debug|Any CPU
		{5F5EDEA5-C0B5-492B-9F58-1A676F0A9187}.Debug|Any CPU.Build.0 = Debug|Any CPU
		{5F5EDEA5-C0B5-492B-9F58-1A676F0A9187}.Release|Any CPU.ActiveCfg = Release|Any CPU
		{5F5EDEA5-C0B5-492B-9F58-1A676F0A9187}.Release|Any CPU.Build.0 = Release|Any CPU
	EndGlobalSection
	GlobalSection(SolutionProperties) = preSolution
		HideSolutionNode = FALSE
	EndGlobalSection
	GlobalSection(ExtensibilityGlobals) = postSolution
		SolutionGuid = {B35F6CE9-9019-4EDF-A2F2-D0E1F65B6F05}
	EndGlobalSection
EndGlobal
